
Microsoft Visual Studio Solution File, Format Version 12.00
# Visual Studio Version 17
VisualStudioVersion = 17.3.32929.385
MinimumVisualStudioVersion = 10.0.40219.1
Project("{FAE04EC0-301F-11D3-BF4B-00C04F79EFBC}") = "NexumCase", "NexumCase\NexumCase.csproj", "{C7C55B3C-4024-4DAC-8AAA-BEAA39F482D3}"
EndProject
Project("{FAE04EC0-301F-11D3-BF4B-00C04F79EFBC}") = "CaseTest", "CaseTest\CaseTest.csproj", "{68344E08-FA11-4C0A-9887-CE755620010A}"
EndProject
Global
	GlobalSection(SolutionConfigurationPlatforms) = preSolution
		Debug|Any CPU = Debug|Any CPU
		Release|Any CPU = Release|Any CPU
	EndGlobalSection
	GlobalSection(ProjectConfigurationPlatforms) = postSolution
		{C7C55B3C-4024-4DAC-8AAA-BEAA39F482D3}.Debug|Any CPU.ActiveCfg = Debug|Any CPU
		{C7C55B3C-4024-4DAC-8AAA-BEAA39F482D3}.Debug|Any CPU.Build.0 = Debug|Any CPU
		{C7C55B3C-4024-4DAC-8AAA-BEAA39F482D3}.Release|Any CPU.ActiveCfg = Release|Any CPU
		{C7C55B3C-4024-4DAC-8AAA-BEAA39F482D3}.Release|Any CPU.Build.0 = Release|Any CPU
		{68344E08-FA11-4C0A-9887-CE755620010A}.Debug|Any CPU.ActiveCfg = Debug|Any CPU
		{68344E08-FA11-4C0A-9887-CE755620010A}.Debug|Any CPU.Build.0 = Debug|Any CPU
		{68344E08-FA11-4C0A-9887-CE755620010A}.Release|Any CPU.ActiveCfg = Release|Any CPU
		{68344E08-FA11-4C0A-9887-CE755620010A}.Release|Any CPU.Build.0 = Release|Any CPU
	EndGlobalSection
	GlobalSection(SolutionProperties) = preSolution
		HideSolutionNode = FALSE
	EndGlobalSection
	GlobalSection(ExtensibilityGlobals) = postSolution
		SolutionGuid = {00D2A047-14B9-49AA-A93F-524ED8B94680}
	EndGlobalSection
EndGlobal
